{
  "requires": true,
  "lockfileVersion": 1,
  "dependencies": {
    "@ng-select/ng-select": {
      "version": "5.0.1",
      "resolved": "https://registry.npmjs.org/@ng-select/ng-select/-/ng-select-5.0.1.tgz",
      "integrity": "sha512-HXGZbJHUK/Bch88LUgvNard+Kg9tTB9HTG4SalBP64/hwvYOdQIcsFmf2Zxl0VvhUfKo7qLLIY3HKsy9i0wqJg==",
      "requires": {
        "tslib": "^2.0.0"
      }
    },
    "tslib": {
      "version": "2.0.1",
      "resolved": "https://registry.npmjs.org/tslib/-/tslib-2.0.1.tgz",
      "integrity": "sha512-SgIkNheinmEBgx1IUNirK0TUD4X9yjjBRTqqjggWCU3pUEqIk3/Uwl3yRixYKT6WjQuGiwDv4NomL3wqRCj+CQ=="
    }
  }
}
